{
  "name": "dy-mp-request",
  "version": "1.0.7",
  "lockfileVersion": 1,
  "requires": true,
  "dependencies": {
    "dy-mp-util": {
      "version": "1.0.2",
      "resolved": "https://registry.npmjs.org/dy-mp-util/-/dy-mp-util-1.0.2.tgz",
      "integrity": "sha512-+dRyisQkG3F9S3I6Rz1KiaC3twjBz0hDUMrzCByhoxL0iiKhmrpwQm6nqimE54z4/cOXtPQfKwiZhda3EOqkYA=="
    }
  }
}
